
Microsoft Visual Studio Solution File, Format Version 12.00
# Visual Studio Version 17
VisualStudioVersion = 17.8.34316.72
MinimumVisualStudioVersion = 10.0.40219.1
Project("{FAE04EC0-301F-11D3-BF4B-00C04F79EFBC}") = "BlazorWebAppRoutingProblem", "BlazorWebAppRoutingProblem\BlazorWebAppRoutingProblem\BlazorWebAppRoutingProblem.csproj", "{0F2017D5-61D2-4E63-9E8F-5F42B92ED083}"
EndProject
Project("{FAE04EC0-301F-11D3-BF4B-00C04F79EFBC}") = "BlazorWebAppRoutingProblem.Client", "BlazorWebAppRoutingProblem\BlazorWebAppRoutingProblem.Client\BlazorWebAppRoutingProblem.Client.csproj", "{FBD74923-AF16-48DE-9205-892A84BB6592}"
EndProject
Global
	GlobalSection(SolutionConfigurationPlatforms) = preSolution
		Debug|Any CPU = Debug|Any CPU
		Release|Any CPU = Release|Any CPU
	EndGlobalSection
	GlobalSection(ProjectConfigurationPlatforms) = postSolution
		{0F2017D5-61D2-4E63-9E8F-5F42B92ED083}.Debug|Any CPU.ActiveCfg = Debug|Any CPU
		{0F2017D5-61D2-4E63-9E8F-5F42B92ED083}.Debug|Any CPU.Build.0 = Debug|Any CPU
		{0F2017D5-61D2-4E63-9E8F-5F42B92ED083}.Release|Any CPU.ActiveCfg = Release|Any CPU
		{0F2017D5-61D2-4E63-9E8F-5F42B92ED083}.Release|Any CPU.Build.0 = Release|Any CPU
		{FBD74923-AF16-48DE-9205-892A84BB6592}.Debug|Any CPU.ActiveCfg = Debug|Any CPU
		{FBD74923-AF16-48DE-9205-892A84BB6592}.Debug|Any CPU.Build.0 = Debug|Any CPU
		{FBD74923-AF16-48DE-9205-892A84BB6592}.Release|Any CPU.ActiveCfg = Release|Any CPU
		{FBD74923-AF16-48DE-9205-892A84BB6592}.Release|Any CPU.Build.0 = Release|Any CPU
	EndGlobalSection
	GlobalSection(SolutionProperties) = preSolution
		HideSolutionNode = FALSE
	EndGlobalSection
	GlobalSection(ExtensibilityGlobals) = postSolution
		SolutionGuid = {5CA839AA-EC5F-4BC1-BB69-91E41854C025}
	EndGlobalSection
EndGlobal
